
Microsoft Visual Studio Solution File, Format Version 11.00
# Visual Studio 2010
Project("{8BC9CEB8-8B4A-11D0-8D11-00A0C91BC942}") = "mmVerify", "..\test\mmVerify\mmVerify.vcxproj", "{67960783-25B4-F7DD-ECC4-0C7C982E8B1D}"
	ProjectSection(ProjectDependencies) = postProject
		{AC0F7391-B11C-358B-C02B-42D19E67BACB} = {AC0F7391-B11C-358B-C02B-42D19E67BACB}
	EndProjectSection
EndProject
Project("{8BC9CEB8-8B4A-11D0-8D11-00A0C91BC942}") = "ct_winfile", "..\test\ct_winfile\ct_winfile.vcxproj", "{60804867-741F-9EA3-219D-D91A6C09F907}"
	ProjectSection(ProjectDependencies) = postProject
		{AC0F7391-B11C-358B-C02B-42D19E67BACB} = {AC0F7391-B11C-358B-C02B-42D19E67BACB}
	EndProjectSection
EndProject
Project("{8BC9CEB8-8B4A-11D0-8D11-00A0C91BC942}") = "lib_mm_snprintf", "lib_mm_snprintf\lib_mm_snprintf.vcxproj", "{AC0F7391-B11C-358B-C02B-42D19E67BACB}"
EndProject
Global
	GlobalSection(SolutionConfigurationPlatforms) = preSolution
		ANSI|Win32 = ANSI|Win32
		Unicode|Win32 = Unicode|Win32
	EndGlobalSection
	GlobalSection(ProjectConfigurationPlatforms) = postSolution
		{67960783-25B4-F7DD-ECC4-0C7C982E8B1D}.ANSI|Win32.ActiveCfg = ANSI|Win32
		{67960783-25B4-F7DD-ECC4-0C7C982E8B1D}.ANSI|Win32.Build.0 = ANSI|Win32
		{67960783-25B4-F7DD-ECC4-0C7C982E8B1D}.Unicode|Win32.ActiveCfg = Unicode|Win32
		{67960783-25B4-F7DD-ECC4-0C7C982E8B1D}.Unicode|Win32.Build.0 = Unicode|Win32
		{60804867-741F-9EA3-219D-D91A6C09F907}.ANSI|Win32.ActiveCfg = ANSI|Win32
		{60804867-741F-9EA3-219D-D91A6C09F907}.ANSI|Win32.Build.0 = ANSI|Win32
		{60804867-741F-9EA3-219D-D91A6C09F907}.Unicode|Win32.ActiveCfg = Unicode|Win32
		{60804867-741F-9EA3-219D-D91A6C09F907}.Unicode|Win32.Build.0 = Unicode|Win32
		{AC0F7391-B11C-358B-C02B-42D19E67BACB}.ANSI|Win32.ActiveCfg = ANSI|Win32
		{AC0F7391-B11C-358B-C02B-42D19E67BACB}.ANSI|Win32.Build.0 = ANSI|Win32
		{AC0F7391-B11C-358B-C02B-42D19E67BACB}.Unicode|Win32.ActiveCfg = Unicode|Win32
		{AC0F7391-B11C-358B-C02B-42D19E67BACB}.Unicode|Win32.Build.0 = Unicode|Win32
	EndGlobalSection
	GlobalSection(SolutionProperties) = preSolution
		HideSolutionNode = FALSE
	EndGlobalSection
EndGlobal
