
Microsoft Visual Studio Solution File, Format Version 12.00
# Visual Studio Version 16
VisualStudioVersion = 16.0.32002.261
MinimumVisualStudioVersion = 10.0.40219.1
Project("{8BC9CEB8-8B4A-11D0-8D11-00A0C91BC942}") = "lib_mm_snprintf", "..\..\mm_snprintf\vs2019_proj\lib_mm_snprintf\lib_mm_snprintf.vcxproj", "{A33FD2BA-B4AE-4C44-A512-201802230000}"
EndProject
Project("{8BC9CEB8-8B4A-11D0-8D11-00A0C91BC942}") = "dll_mm_snprintf", "..\..\mm_snprintf\vs2019_proj\dll_mm_snprintf\dll_mm_snprintf.vcxproj", "{20220325-0000-0000-0000-00392900AA77}"
EndProject
Project("{8BC9CEB8-8B4A-11D0-8D11-00A0C91BC942}") = "lib_gadgetlib", "..\..\gadgetlib\gadgetlib_vsproj\lib_gadgetlib\lib_gadgetlib.vcxproj", "{20220325-0000-0000-0000-10302000BB01}"
EndProject
Project("{8BC9CEB8-8B4A-11D0-8D11-00A0C91BC942}") = "dll_gadgetlib", "..\..\gadgetlib\gadgetlib_vsproj\dll_gadgetlib\dll_gadgetlib.vcxproj", "{20220325-0000-0000-0000-10302000BB02}"
EndProject
Project("{8BC9CEB8-8B4A-11D0-8D11-00A0C91BC942}") = "lib_getopt", "..\..\getopt\vs2019_proj\libprj\lib_getopt.vcxproj", "{20220325-0000-0000-0000-19395400CC01}"
EndProject
Project("{8BC9CEB8-8B4A-11D0-8D11-00A0C91BC942}") = "dll_getopt", "..\..\getopt\vs2019_proj\dllprj\dll_getopt.vcxproj", "{20220325-0000-0000-0000-19395400CC02}"
EndProject
Global
	GlobalSection(SolutionConfigurationPlatforms) = preSolution
		Debug ANSI|ARM64 = Debug ANSI|ARM64
		Debug ANSI|x64 = Debug ANSI|x64
		Debug ANSI|x86 = Debug ANSI|x86
		Debug Krnl|ARM64 = Debug Krnl|ARM64
		Debug Krnl|x64 = Debug Krnl|x64
		Debug Krnl|x86 = Debug Krnl|x86
		Debug|ARM64 = Debug|ARM64
		Debug|x64 = Debug|x64
		Debug|x86 = Debug|x86
		Release ANSI|ARM64 = Release ANSI|ARM64
		Release ANSI|x64 = Release ANSI|x64
		Release ANSI|x86 = Release ANSI|x86
		Release Krnl|ARM64 = Release Krnl|ARM64
		Release Krnl|x64 = Release Krnl|x64
		Release Krnl|x86 = Release Krnl|x86
		Release|ARM64 = Release|ARM64
		Release|x64 = Release|x64
		Release|x86 = Release|x86
	EndGlobalSection
	GlobalSection(ProjectConfigurationPlatforms) = postSolution
		{A33FD2BA-B4AE-4C44-A512-201802230000}.Debug ANSI|ARM64.ActiveCfg = Debug|ARM64
		{A33FD2BA-B4AE-4C44-A512-201802230000}.Debug ANSI|ARM64.Build.0 = Debug|ARM64
		{A33FD2BA-B4AE-4C44-A512-201802230000}.Debug ANSI|ARM64.Deploy.0 = Debug|ARM64
		{A33FD2BA-B4AE-4C44-A512-201802230000}.Debug ANSI|x64.ActiveCfg = Debug|x64
		{A33FD2BA-B4AE-4C44-A512-201802230000}.Debug ANSI|x64.Build.0 = Debug|x64
		{A33FD2BA-B4AE-4C44-A512-201802230000}.Debug ANSI|x86.ActiveCfg = Debug|Win32
		{A33FD2BA-B4AE-4C44-A512-201802230000}.Debug ANSI|x86.Build.0 = Debug|Win32
		{A33FD2BA-B4AE-4C44-A512-201802230000}.Debug ANSI|x86.Deploy.0 = Debug|Win32
		{A33FD2BA-B4AE-4C44-A512-201802230000}.Debug Krnl|ARM64.ActiveCfg = Debug Krnl|ARM64
		{A33FD2BA-B4AE-4C44-A512-201802230000}.Debug Krnl|ARM64.Build.0 = Debug Krnl|ARM64
		{A33FD2BA-B4AE-4C44-A512-201802230000}.Debug Krnl|ARM64.Deploy.0 = Debug Krnl|ARM64
		{A33FD2BA-B4AE-4C44-A512-201802230000}.Debug Krnl|x64.ActiveCfg = Debug Krnl|x64
		{A33FD2BA-B4AE-4C44-A512-201802230000}.Debug Krnl|x64.Build.0 = Debug Krnl|x64
		{A33FD2BA-B4AE-4C44-A512-201802230000}.Debug Krnl|x64.Deploy.0 = Debug Krnl|x64
		{A33FD2BA-B4AE-4C44-A512-201802230000}.Debug Krnl|x86.ActiveCfg = Debug Krnl|Win32
		{A33FD2BA-B4AE-4C44-A512-201802230000}.Debug Krnl|x86.Build.0 = Debug Krnl|Win32
		{A33FD2BA-B4AE-4C44-A512-201802230000}.Debug Krnl|x86.Deploy.0 = Debug Krnl|Win32
		{A33FD2BA-B4AE-4C44-A512-201802230000}.Debug|ARM64.ActiveCfg = Debug|ARM64
		{A33FD2BA-B4AE-4C44-A512-201802230000}.Debug|ARM64.Build.0 = Debug|ARM64
		{A33FD2BA-B4AE-4C44-A512-201802230000}.Debug|x64.ActiveCfg = Debug|x64
		{A33FD2BA-B4AE-4C44-A512-201802230000}.Debug|x64.Build.0 = Debug|x64
		{A33FD2BA-B4AE-4C44-A512-201802230000}.Debug|x86.ActiveCfg = Debug|Win32
		{A33FD2BA-B4AE-4C44-A512-201802230000}.Debug|x86.Build.0 = Debug|Win32
		{A33FD2BA-B4AE-4C44-A512-201802230000}.Release ANSI|ARM64.ActiveCfg = Release|ARM64
		{A33FD2BA-B4AE-4C44-A512-201802230000}.Release ANSI|ARM64.Build.0 = Release|ARM64
		{A33FD2BA-B4AE-4C44-A512-201802230000}.Release ANSI|ARM64.Deploy.0 = Release|ARM64
		{A33FD2BA-B4AE-4C44-A512-201802230000}.Release ANSI|x64.ActiveCfg = Release|x64
		{A33FD2BA-B4AE-4C44-A512-201802230000}.Release ANSI|x64.Build.0 = Release|x64
		{A33FD2BA-B4AE-4C44-A512-201802230000}.Release ANSI|x86.ActiveCfg = Release|Win32
		{A33FD2BA-B4AE-4C44-A512-201802230000}.Release ANSI|x86.Build.0 = Release|Win32
		{A33FD2BA-B4AE-4C44-A512-201802230000}.Release ANSI|x86.Deploy.0 = Release|Win32
		{A33FD2BA-B4AE-4C44-A512-201802230000}.Release Krnl|ARM64.ActiveCfg = Release Krnl|ARM64
		{A33FD2BA-B4AE-4C44-A512-201802230000}.Release Krnl|ARM64.Build.0 = Release Krnl|ARM64
		{A33FD2BA-B4AE-4C44-A512-201802230000}.Release Krnl|ARM64.Deploy.0 = Release Krnl|ARM64
		{A33FD2BA-B4AE-4C44-A512-201802230000}.Release Krnl|x64.ActiveCfg = Release Krnl|x64
		{A33FD2BA-B4AE-4C44-A512-201802230000}.Release Krnl|x64.Build.0 = Release Krnl|x64
		{A33FD2BA-B4AE-4C44-A512-201802230000}.Release Krnl|x64.Deploy.0 = Release Krnl|x64
		{A33FD2BA-B4AE-4C44-A512-201802230000}.Release Krnl|x86.ActiveCfg = Release Krnl|Win32
		{A33FD2BA-B4AE-4C44-A512-201802230000}.Release Krnl|x86.Build.0 = Release Krnl|Win32
		{A33FD2BA-B4AE-4C44-A512-201802230000}.Release Krnl|x86.Deploy.0 = Release Krnl|Win32
		{A33FD2BA-B4AE-4C44-A512-201802230000}.Release|ARM64.ActiveCfg = Release|ARM64
		{A33FD2BA-B4AE-4C44-A512-201802230000}.Release|ARM64.Build.0 = Release|ARM64
		{A33FD2BA-B4AE-4C44-A512-201802230000}.Release|x64.ActiveCfg = Release|x64
		{A33FD2BA-B4AE-4C44-A512-201802230000}.Release|x64.Build.0 = Release|x64
		{A33FD2BA-B4AE-4C44-A512-201802230000}.Release|x86.ActiveCfg = Release|Win32
		{A33FD2BA-B4AE-4C44-A512-201802230000}.Release|x86.Build.0 = Release|Win32
		{20220325-0000-0000-0000-00392900AA77}.Debug ANSI|ARM64.ActiveCfg = Debug|ARM64
		{20220325-0000-0000-0000-00392900AA77}.Debug ANSI|ARM64.Build.0 = Debug|ARM64
		{20220325-0000-0000-0000-00392900AA77}.Debug ANSI|ARM64.Deploy.0 = Debug|ARM64
		{20220325-0000-0000-0000-00392900AA77}.Debug ANSI|x64.ActiveCfg = Debug|x64
		{20220325-0000-0000-0000-00392900AA77}.Debug ANSI|x86.ActiveCfg = Debug|Win32
		{20220325-0000-0000-0000-00392900AA77}.Debug ANSI|x86.Build.0 = Debug|Win32
		{20220325-0000-0000-0000-00392900AA77}.Debug ANSI|x86.Deploy.0 = Debug|Win32
		{20220325-0000-0000-0000-00392900AA77}.Debug Krnl|ARM64.ActiveCfg = Debug Krnl|ARM64
		{20220325-0000-0000-0000-00392900AA77}.Debug Krnl|x64.ActiveCfg = Debug Krnl|x64
		{20220325-0000-0000-0000-00392900AA77}.Debug Krnl|x86.ActiveCfg = Debug Krnl|Win32
		{20220325-0000-0000-0000-00392900AA77}.Debug|ARM64.ActiveCfg = Debug|ARM64
		{20220325-0000-0000-0000-00392900AA77}.Debug|ARM64.Build.0 = Debug|ARM64
		{20220325-0000-0000-0000-00392900AA77}.Debug|x64.ActiveCfg = Debug|x64
		{20220325-0000-0000-0000-00392900AA77}.Debug|x64.Build.0 = Debug|x64
		{20220325-0000-0000-0000-00392900AA77}.Debug|x86.ActiveCfg = Debug|Win32
		{20220325-0000-0000-0000-00392900AA77}.Debug|x86.Build.0 = Debug|Win32
		{20220325-0000-0000-0000-00392900AA77}.Release ANSI|ARM64.ActiveCfg = Release|ARM64
		{20220325-0000-0000-0000-00392900AA77}.Release ANSI|ARM64.Build.0 = Release|ARM64
		{20220325-0000-0000-0000-00392900AA77}.Release ANSI|ARM64.Deploy.0 = Release|ARM64
		{20220325-0000-0000-0000-00392900AA77}.Release ANSI|x64.ActiveCfg = Release|x64
		{20220325-0000-0000-0000-00392900AA77}.Release ANSI|x64.Deploy.0 = Release|x64
		{20220325-0000-0000-0000-00392900AA77}.Release ANSI|x86.ActiveCfg = Release|Win32
		{20220325-0000-0000-0000-00392900AA77}.Release ANSI|x86.Build.0 = Release|Win32
		{20220325-0000-0000-0000-00392900AA77}.Release ANSI|x86.Deploy.0 = Release|Win32
		{20220325-0000-0000-0000-00392900AA77}.Release Krnl|ARM64.ActiveCfg = Release Krnl|ARM64
		{20220325-0000-0000-0000-00392900AA77}.Release Krnl|ARM64.Deploy.0 = Release Krnl|ARM64
		{20220325-0000-0000-0000-00392900AA77}.Release Krnl|x64.ActiveCfg = Release Krnl|x64
		{20220325-0000-0000-0000-00392900AA77}.Release Krnl|x64.Deploy.0 = Release Krnl|x64
		{20220325-0000-0000-0000-00392900AA77}.Release Krnl|x86.ActiveCfg = Release Krnl|Win32
		{20220325-0000-0000-0000-00392900AA77}.Release Krnl|x86.Deploy.0 = Release Krnl|Win32
		{20220325-0000-0000-0000-00392900AA77}.Release|ARM64.ActiveCfg = Release|ARM64
		{20220325-0000-0000-0000-00392900AA77}.Release|ARM64.Build.0 = Release|ARM64
		{20220325-0000-0000-0000-00392900AA77}.Release|x64.ActiveCfg = Release|x64
		{20220325-0000-0000-0000-00392900AA77}.Release|x64.Build.0 = Release|x64
		{20220325-0000-0000-0000-00392900AA77}.Release|x86.ActiveCfg = Release|Win32
		{20220325-0000-0000-0000-00392900AA77}.Release|x86.Build.0 = Release|Win32
		{20220325-0000-0000-0000-10302000BB01}.Debug ANSI|ARM64.ActiveCfg = Debug ANSI|ARM64
		{20220325-0000-0000-0000-10302000BB01}.Debug ANSI|ARM64.Build.0 = Debug ANSI|ARM64
		{20220325-0000-0000-0000-10302000BB01}.Debug ANSI|x64.ActiveCfg = Debug ANSI|x64
		{20220325-0000-0000-0000-10302000BB01}.Debug ANSI|x64.Build.0 = Debug ANSI|x64
		{20220325-0000-0000-0000-10302000BB01}.Debug ANSI|x86.ActiveCfg = Debug ANSI|Win32
		{20220325-0000-0000-0000-10302000BB01}.Debug ANSI|x86.Build.0 = Debug ANSI|Win32
		{20220325-0000-0000-0000-10302000BB01}.Debug Krnl|ARM64.ActiveCfg = Debug ANSI|ARM64
		{20220325-0000-0000-0000-10302000BB01}.Debug Krnl|x64.ActiveCfg = Debug ANSI|x64
		{20220325-0000-0000-0000-10302000BB01}.Debug Krnl|x86.ActiveCfg = Debug ANSI|Win32
		{20220325-0000-0000-0000-10302000BB01}.Debug|ARM64.ActiveCfg = Debug|ARM64
		{20220325-0000-0000-0000-10302000BB01}.Debug|ARM64.Build.0 = Debug|ARM64
		{20220325-0000-0000-0000-10302000BB01}.Debug|x64.ActiveCfg = Debug|x64
		{20220325-0000-0000-0000-10302000BB01}.Debug|x64.Build.0 = Debug|x64
		{20220325-0000-0000-0000-10302000BB01}.Debug|x86.ActiveCfg = Debug|Win32
		{20220325-0000-0000-0000-10302000BB01}.Debug|x86.Build.0 = Debug|Win32
		{20220325-0000-0000-0000-10302000BB01}.Release ANSI|ARM64.ActiveCfg = Release ANSI|ARM64
		{20220325-0000-0000-0000-10302000BB01}.Release ANSI|ARM64.Build.0 = Release ANSI|ARM64
		{20220325-0000-0000-0000-10302000BB01}.Release ANSI|x64.ActiveCfg = Release ANSI|x64
		{20220325-0000-0000-0000-10302000BB01}.Release ANSI|x64.Build.0 = Release ANSI|x64
		{20220325-0000-0000-0000-10302000BB01}.Release ANSI|x86.ActiveCfg = Release ANSI|Win32
		{20220325-0000-0000-0000-10302000BB01}.Release ANSI|x86.Build.0 = Release ANSI|Win32
		{20220325-0000-0000-0000-10302000BB01}.Release Krnl|ARM64.ActiveCfg = Release ANSI|ARM64
		{20220325-0000-0000-0000-10302000BB01}.Release Krnl|x64.ActiveCfg = Release ANSI|x64
		{20220325-0000-0000-0000-10302000BB01}.Release Krnl|x86.ActiveCfg = Release ANSI|Win32
		{20220325-0000-0000-0000-10302000BB01}.Release|ARM64.ActiveCfg = Release|ARM64
		{20220325-0000-0000-0000-10302000BB01}.Release|ARM64.Build.0 = Release|ARM64
		{20220325-0000-0000-0000-10302000BB01}.Release|x64.ActiveCfg = Release|x64
		{20220325-0000-0000-0000-10302000BB01}.Release|x64.Build.0 = Release|x64
		{20220325-0000-0000-0000-10302000BB01}.Release|x86.ActiveCfg = Release|Win32
		{20220325-0000-0000-0000-10302000BB01}.Release|x86.Build.0 = Release|Win32
		{20220325-0000-0000-0000-10302000BB02}.Debug ANSI|ARM64.ActiveCfg = Debug ANSI|ARM64
		{20220325-0000-0000-0000-10302000BB02}.Debug ANSI|ARM64.Build.0 = Debug ANSI|ARM64
		{20220325-0000-0000-0000-10302000BB02}.Debug ANSI|x64.ActiveCfg = Debug ANSI|x64
		{20220325-0000-0000-0000-10302000BB02}.Debug ANSI|x64.Build.0 = Debug ANSI|x64
		{20220325-0000-0000-0000-10302000BB02}.Debug ANSI|x86.ActiveCfg = Debug ANSI|Win32
		{20220325-0000-0000-0000-10302000BB02}.Debug ANSI|x86.Build.0 = Debug ANSI|Win32
		{20220325-0000-0000-0000-10302000BB02}.Debug Krnl|ARM64.ActiveCfg = Debug ANSI|ARM64
		{20220325-0000-0000-0000-10302000BB02}.Debug Krnl|x64.ActiveCfg = Debug ANSI|x64
		{20220325-0000-0000-0000-10302000BB02}.Debug Krnl|x86.ActiveCfg = Debug ANSI|Win32
		{20220325-0000-0000-0000-10302000BB02}.Debug|ARM64.ActiveCfg = Debug|ARM64
		{20220325-0000-0000-0000-10302000BB02}.Debug|ARM64.Build.0 = Debug|ARM64
		{20220325-0000-0000-0000-10302000BB02}.Debug|x64.ActiveCfg = Debug|x64
		{20220325-0000-0000-0000-10302000BB02}.Debug|x64.Build.0 = Debug|x64
		{20220325-0000-0000-0000-10302000BB02}.Debug|x86.ActiveCfg = Debug|Win32
		{20220325-0000-0000-0000-10302000BB02}.Debug|x86.Build.0 = Debug|Win32
		{20220325-0000-0000-0000-10302000BB02}.Release ANSI|ARM64.ActiveCfg = Release ANSI|ARM64
		{20220325-0000-0000-0000-10302000BB02}.Release ANSI|ARM64.Build.0 = Release ANSI|ARM64
		{20220325-0000-0000-0000-10302000BB02}.Release ANSI|x64.ActiveCfg = Release ANSI|x64
		{20220325-0000-0000-0000-10302000BB02}.Release ANSI|x64.Build.0 = Release ANSI|x64
		{20220325-0000-0000-0000-10302000BB02}.Release ANSI|x86.ActiveCfg = Release ANSI|Win32
		{20220325-0000-0000-0000-10302000BB02}.Release ANSI|x86.Build.0 = Release ANSI|Win32
		{20220325-0000-0000-0000-10302000BB02}.Release Krnl|ARM64.ActiveCfg = Release ANSI|ARM64
		{20220325-0000-0000-0000-10302000BB02}.Release Krnl|x64.ActiveCfg = Release ANSI|x64
		{20220325-0000-0000-0000-10302000BB02}.Release Krnl|x86.ActiveCfg = Release ANSI|Win32
		{20220325-0000-0000-0000-10302000BB02}.Release|ARM64.ActiveCfg = Release|ARM64
		{20220325-0000-0000-0000-10302000BB02}.Release|ARM64.Build.0 = Release|ARM64
		{20220325-0000-0000-0000-10302000BB02}.Release|x64.ActiveCfg = Release|x64
		{20220325-0000-0000-0000-10302000BB02}.Release|x64.Build.0 = Release|x64
		{20220325-0000-0000-0000-10302000BB02}.Release|x86.ActiveCfg = Release|Win32
		{20220325-0000-0000-0000-10302000BB02}.Release|x86.Build.0 = Release|Win32
		{20220325-0000-0000-0000-19395400CC01}.Debug ANSI|ARM64.ActiveCfg = Debug ANSI|ARM64
		{20220325-0000-0000-0000-19395400CC01}.Debug ANSI|ARM64.Build.0 = Debug ANSI|ARM64
		{20220325-0000-0000-0000-19395400CC01}.Debug ANSI|x64.ActiveCfg = Debug ANSI|x64
		{20220325-0000-0000-0000-19395400CC01}.Debug ANSI|x64.Build.0 = Debug ANSI|x64
		{20220325-0000-0000-0000-19395400CC01}.Debug ANSI|x86.ActiveCfg = Debug ANSI|Win32
		{20220325-0000-0000-0000-19395400CC01}.Debug ANSI|x86.Build.0 = Debug ANSI|Win32
		{20220325-0000-0000-0000-19395400CC01}.Debug Krnl|ARM64.ActiveCfg = Debug ANSI|ARM64
		{20220325-0000-0000-0000-19395400CC01}.Debug Krnl|x64.ActiveCfg = Debug ANSI|x64
		{20220325-0000-0000-0000-19395400CC01}.Debug Krnl|x86.ActiveCfg = Debug ANSI|Win32
		{20220325-0000-0000-0000-19395400CC01}.Debug|ARM64.ActiveCfg = Debug|ARM64
		{20220325-0000-0000-0000-19395400CC01}.Debug|ARM64.Build.0 = Debug|ARM64
		{20220325-0000-0000-0000-19395400CC01}.Debug|x64.ActiveCfg = Debug|x64
		{20220325-0000-0000-0000-19395400CC01}.Debug|x64.Build.0 = Debug|x64
		{20220325-0000-0000-0000-19395400CC01}.Debug|x86.ActiveCfg = Debug|Win32
		{20220325-0000-0000-0000-19395400CC01}.Debug|x86.Build.0 = Debug|Win32
		{20220325-0000-0000-0000-19395400CC01}.Release ANSI|ARM64.ActiveCfg = Release ANSI|ARM64
		{20220325-0000-0000-0000-19395400CC01}.Release ANSI|ARM64.Build.0 = Release ANSI|ARM64
		{20220325-0000-0000-0000-19395400CC01}.Release ANSI|x64.ActiveCfg = Release ANSI|x64
		{20220325-0000-0000-0000-19395400CC01}.Release ANSI|x64.Build.0 = Release ANSI|x64
		{20220325-0000-0000-0000-19395400CC01}.Release ANSI|x86.ActiveCfg = Release ANSI|Win32
		{20220325-0000-0000-0000-19395400CC01}.Release ANSI|x86.Build.0 = Release ANSI|Win32
		{20220325-0000-0000-0000-19395400CC01}.Release Krnl|ARM64.ActiveCfg = Release ANSI|ARM64
		{20220325-0000-0000-0000-19395400CC01}.Release Krnl|x64.ActiveCfg = Release ANSI|x64
		{20220325-0000-0000-0000-19395400CC01}.Release Krnl|x86.ActiveCfg = Release ANSI|Win32
		{20220325-0000-0000-0000-19395400CC01}.Release|ARM64.ActiveCfg = Release|ARM64
		{20220325-0000-0000-0000-19395400CC01}.Release|ARM64.Build.0 = Release|ARM64
		{20220325-0000-0000-0000-19395400CC01}.Release|x64.ActiveCfg = Release|x64
		{20220325-0000-0000-0000-19395400CC01}.Release|x64.Build.0 = Release|x64
		{20220325-0000-0000-0000-19395400CC01}.Release|x86.ActiveCfg = Release|Win32
		{20220325-0000-0000-0000-19395400CC01}.Release|x86.Build.0 = Release|Win32
		{20220325-0000-0000-0000-19395400CC02}.Debug ANSI|ARM64.ActiveCfg = Debug ANSI|ARM64
		{20220325-0000-0000-0000-19395400CC02}.Debug ANSI|ARM64.Build.0 = Debug ANSI|ARM64
		{20220325-0000-0000-0000-19395400CC02}.Debug ANSI|x64.ActiveCfg = Debug ANSI|x64
		{20220325-0000-0000-0000-19395400CC02}.Debug ANSI|x64.Build.0 = Debug ANSI|x64
		{20220325-0000-0000-0000-19395400CC02}.Debug ANSI|x86.ActiveCfg = Debug ANSI|Win32
		{20220325-0000-0000-0000-19395400CC02}.Debug ANSI|x86.Build.0 = Debug ANSI|Win32
		{20220325-0000-0000-0000-19395400CC02}.Debug Krnl|ARM64.ActiveCfg = Debug ANSI|ARM64
		{20220325-0000-0000-0000-19395400CC02}.Debug Krnl|x64.ActiveCfg = Debug ANSI|x64
		{20220325-0000-0000-0000-19395400CC02}.Debug Krnl|x86.ActiveCfg = Debug ANSI|Win32
		{20220325-0000-0000-0000-19395400CC02}.Debug|ARM64.ActiveCfg = Debug|ARM64
		{20220325-0000-0000-0000-19395400CC02}.Debug|ARM64.Build.0 = Debug|ARM64
		{20220325-0000-0000-0000-19395400CC02}.Debug|x64.ActiveCfg = Debug|x64
		{20220325-0000-0000-0000-19395400CC02}.Debug|x64.Build.0 = Debug|x64
		{20220325-0000-0000-0000-19395400CC02}.Debug|x86.ActiveCfg = Debug|Win32
		{20220325-0000-0000-0000-19395400CC02}.Debug|x86.Build.0 = Debug|Win32
		{20220325-0000-0000-0000-19395400CC02}.Release ANSI|ARM64.ActiveCfg = Release ANSI|ARM64
		{20220325-0000-0000-0000-19395400CC02}.Release ANSI|ARM64.Build.0 = Release ANSI|ARM64
		{20220325-0000-0000-0000-19395400CC02}.Release ANSI|x64.ActiveCfg = Release ANSI|x64
		{20220325-0000-0000-0000-19395400CC02}.Release ANSI|x64.Build.0 = Release ANSI|x64
		{20220325-0000-0000-0000-19395400CC02}.Release ANSI|x86.ActiveCfg = Release ANSI|Win32
		{20220325-0000-0000-0000-19395400CC02}.Release ANSI|x86.Build.0 = Release ANSI|Win32
		{20220325-0000-0000-0000-19395400CC02}.Release Krnl|ARM64.ActiveCfg = Release ANSI|ARM64
		{20220325-0000-0000-0000-19395400CC02}.Release Krnl|x64.ActiveCfg = Release ANSI|x64
		{20220325-0000-0000-0000-19395400CC02}.Release Krnl|x86.ActiveCfg = Release ANSI|Win32
		{20220325-0000-0000-0000-19395400CC02}.Release|ARM64.ActiveCfg = Release|ARM64
		{20220325-0000-0000-0000-19395400CC02}.Release|ARM64.Build.0 = Release|ARM64
		{20220325-0000-0000-0000-19395400CC02}.Release|x64.ActiveCfg = Release|x64
		{20220325-0000-0000-0000-19395400CC02}.Release|x64.Build.0 = Release|x64
		{20220325-0000-0000-0000-19395400CC02}.Release|x86.ActiveCfg = Release|Win32
		{20220325-0000-0000-0000-19395400CC02}.Release|x86.Build.0 = Release|Win32
	EndGlobalSection
	GlobalSection(SolutionProperties) = preSolution
		HideSolutionNode = FALSE
	EndGlobalSection
	GlobalSection(ExtensibilityGlobals) = postSolution
		SolutionGuid = {F4CDD638-28C8-45AB-8427-D48B2CDD4794}
	EndGlobalSection
EndGlobal
