
Microsoft Visual Studio Solution File, Format Version 11.00
# Visual Studio 2010
Project("{8BC9CEB8-8B4A-11D0-8D11-00A0C91BC942}") = "sgetopt", "sgetopt\sgetopt.vcxproj", "{E8B4569C-65D7-449F-93E0-844EBEB673F7}"
EndProject
Project("{8BC9CEB8-8B4A-11D0-8D11-00A0C91BC942}") = "demo", "demo\demo.vcxproj", "{0A432C06-3B9D-4967-B922-9C225259FD17}"
EndProject
Project("{8BC9CEB8-8B4A-11D0-8D11-00A0C91BC942}") = "verify", "verify\verify.vcxproj", "{98516A92-548C-4041-A6B3-D0675F4E45F2}"
EndProject
Global
	GlobalSection(SolutionConfigurationPlatforms) = preSolution
		Debug|Win32 = Debug|Win32
		Release|Win32 = Release|Win32
	EndGlobalSection
	GlobalSection(ProjectConfigurationPlatforms) = postSolution
		{E8B4569C-65D7-449F-93E0-844EBEB673F7}.Debug|Win32.ActiveCfg = Debug|Win32
		{E8B4569C-65D7-449F-93E0-844EBEB673F7}.Debug|Win32.Build.0 = Debug|Win32
		{E8B4569C-65D7-449F-93E0-844EBEB673F7}.Release|Win32.ActiveCfg = Release|Win32
		{E8B4569C-65D7-449F-93E0-844EBEB673F7}.Release|Win32.Build.0 = Release|Win32
		{0A432C06-3B9D-4967-B922-9C225259FD17}.Debug|Win32.ActiveCfg = Debug|Win32
		{0A432C06-3B9D-4967-B922-9C225259FD17}.Debug|Win32.Build.0 = Debug|Win32
		{0A432C06-3B9D-4967-B922-9C225259FD17}.Release|Win32.ActiveCfg = Release|Win32
		{0A432C06-3B9D-4967-B922-9C225259FD17}.Release|Win32.Build.0 = Release|Win32
		{98516A92-548C-4041-A6B3-D0675F4E45F2}.Debug|Win32.ActiveCfg = Debug|Win32
		{98516A92-548C-4041-A6B3-D0675F4E45F2}.Debug|Win32.Build.0 = Debug|Win32
		{98516A92-548C-4041-A6B3-D0675F4E45F2}.Release|Win32.ActiveCfg = Release|Win32
		{98516A92-548C-4041-A6B3-D0675F4E45F2}.Release|Win32.Build.0 = Release|Win32
	EndGlobalSection
	GlobalSection(SolutionProperties) = preSolution
		HideSolutionNode = FALSE
	EndGlobalSection
EndGlobal
