<?xml version="1.0" encoding="utf-8"?>
<Project ToolsVersion="4.0" xmlns="http://schemas.microsoft.com/developer/msbuild/2003">
  <ItemGroup>
    <Filter Include="Source Files">
      <UniqueIdentifier>{494bc657-7095-4144-8f2a-af9c928818c0}</UniqueIdentifier>
      <Extensions>cpp;c;cxx;rc;def;r;odl;idl;hpj;bat</Extensions>
    </Filter>
    <Filter Include="Header Files">
      <UniqueIdentifier>{564b0680-d09b-4311-82e4-70f16dec7e83}</UniqueIdentifier>
      <Extensions>h;hpp;hxx;hm;inl</Extensions>
    </Filter>
  </ItemGroup>
  <ItemGroup>
    <ClCompile Include="..\..\libsrc\internal.cpp">
      <Filter>Source Files</Filter>
    </ClCompile>
    <ClCompile Include="..\..\libsrc\oldname.cpp">
      <Filter>Source Files</Filter>
    </ClCompile>
    <ClCompile Include="..\..\libsrc\printf_wrapper.cpp">
      <Filter>Source Files</Filter>
    </ClCompile>
    <ClCompile Include="..\..\libsrc\_do_not_edit\mm_snprintfA.cpp">
      <Filter>Source Files</Filter>
    </ClCompile>
    <ClCompile Include="..\..\libsrc\_do_not_edit\mm_snprintfW.cpp">
      <Filter>Source Files</Filter>
    </ClCompile>
  </ItemGroup>
  <ItemGroup>
    <ClInclude Include="..\..\libsrc\libversion.h">
      <Filter>Source Files</Filter>
    </ClInclude>
    <ClInclude Include="..\..\libsrc\internal.h">
      <Filter>Header Files</Filter>
    </ClInclude>
    <ClInclude Include="..\..\libsrc\mm_psfunc.h">
      <Filter>Header Files</Filter>
    </ClInclude>
    <ClInclude Include="..\..\libsrc\include\mm_snprintf.h">
      <Filter>Header Files</Filter>
    </ClInclude>
    <ClInclude Include="..\..\libsrc\msvc\ps_Tstrdef.h">
      <Filter>Header Files</Filter>
    </ClInclude>
  </ItemGroup>
  <ItemGroup>
    <CustomBuild Include="..\..\libsrc\mm_snprintf.cpp">
      <Filter>Source Files</Filter>
    </CustomBuild>
  </ItemGroup>
</Project>