<?xml version="1.0" encoding="utf-8"?>
<Project ToolsVersion="4.0" xmlns="http://schemas.microsoft.com/developer/msbuild/2003">
  <ItemGroup>
    <Filter Include="mswin">
      <UniqueIdentifier>{35e16b08-7a34-4d18-a0ac-77be20e4cf01}</UniqueIdentifier>
    </Filter>
    <Filter Include="include">
      <UniqueIdentifier>{cbc526de-60e2-40b3-beed-dc96975f5731}</UniqueIdentifier>
    </Filter>
  </ItemGroup>
  <ItemGroup>
    <ClCompile Include="..\..\libsrc\mswin\charenccvt-win.cpp">
      <Filter>mswin</Filter>
    </ClCompile>
    <ClCompile Include="..\..\libsrc\mswin\wintime.cpp">
      <Filter>mswin</Filter>
    </ClCompile>
    <ClCompile Include="..\..\libsrc\mswin\dirfuncs.cpp">
      <Filter>mswin</Filter>
    </ClCompile>
    <ClCompile Include="..\..\libsrc\mswin\fstream64.cpp">
      <Filter>mswin</Filter>
    </ClCompile>
    <ClCompile Include="..\..\libsrc\mswin\simple_thread.cpp">
      <Filter>mswin</Filter>
    </ClCompile>
    <ClCompile Include="stdafx.cpp">
      <Filter>mswin</Filter>
    </ClCompile>
    <ClCompile Include="..\..\libsrc\mswin\T_string-msvc.cpp">
      <Filter>mswin</Filter>
    </ClCompile>
    <ClCompile Include="..\..\libsrc\charenccvt-common.cpp" />
    <ClCompile Include="..\..\libsrc\charenccvt-utf8.cpp" />
    <ClCompile Include="..\..\libsrc\fstream-aux.cpp" />
    <ClCompile Include="..\..\libsrc\gadgetlib_version.cpp" />
    <ClCompile Include="..\..\libsrc\gsm0338cvt.cpp" />
    <ClCompile Include="..\..\libsrc\mbcs-ops.cpp" />
    <ClCompile Include="..\..\libsrc\T_string.cpp" />
    <ClCompile Include="..\..\libsrc\time-common.cpp" />
    <ClCompile Include="..\..\libsrc\ReposNewbox.cpp" />
    <ClCompile Include="..\..\libsrc\mswin\impl_winapi.cpp">
      <Filter>mswin</Filter>
    </ClCompile>
    <ClCompile Include="..\..\libsrc\mswin\MenuWithIcon.cpp">
      <Filter>mswin</Filter>
    </ClCompile>
    <ClCompile Include="..\..\libsrc\mswin\enum_monitors.cpp">
      <Filter>mswin</Filter>
    </ClCompile>
    <ClCompile Include="..\..\libsrc\mswin\clipboard.cpp">
      <Filter>mswin</Filter>
    </ClCompile>
    <ClCompile Include="..\..\libsrc\unstraddle_dlgbox.cpp" />
    <ClCompile Include="..\..\libsrc\mswin\FlexiInfobox.cpp" />
    <ClCompile Include="..\..\libsrc\mswin\wintooltip.cpp">
      <Filter>mswin</Filter>
    </ClCompile>
  </ItemGroup>
  <ItemGroup>
    <ClInclude Include="..\..\libsrc\include\stdafx.h">
      <Filter>mswin</Filter>
    </ClInclude>
    <ClInclude Include="..\..\libsrc\include\gadgetlib\charenccvt.h">
      <Filter>include</Filter>
    </ClInclude>
    <ClInclude Include="..\..\libsrc\include\gadgetlib\dirfuncs.h">
      <Filter>include</Filter>
    </ClInclude>
    <ClInclude Include="..\..\libsrc\include\gadgetlib\fstream64.h">
      <Filter>include</Filter>
    </ClInclude>
    <ClInclude Include="..\..\libsrc\include\gadgetlib\fstream-aux.h">
      <Filter>include</Filter>
    </ClInclude>
    <ClInclude Include="..\..\libsrc\include\gadgetlib\gadgetlib.h">
      <Filter>include</Filter>
    </ClInclude>
    <ClInclude Include="..\..\libsrc\include\gadgetlib\ggt-const.h">
      <Filter>include</Filter>
    </ClInclude>
    <ClInclude Include="..\..\libsrc\include\gadgetlib\gsm0338cvt.h">
      <Filter>include</Filter>
    </ClInclude>
    <ClInclude Include="..\..\libsrc\include\gadgetlib\mbcs-ops.h">
      <Filter>include</Filter>
    </ClInclude>
    <ClInclude Include="..\..\libsrc\include\gadgetlib\ReposNewbox.h">
      <Filter>include</Filter>
    </ClInclude>
    <ClInclude Include="..\..\libsrc\include\gadgetlib\simple_thread.h">
      <Filter>include</Filter>
    </ClInclude>
    <ClInclude Include="..\..\libsrc\include\gadgetlib\T_string.h">
      <Filter>include</Filter>
    </ClInclude>
    <ClInclude Include="..\..\libsrc\include\gadgetlib\timefuncs.h">
      <Filter>include</Filter>
    </ClInclude>
    <ClInclude Include="..\..\libsrc\include\gadgetlib\MenuWithIcon.h">
      <Filter>include</Filter>
    </ClInclude>
    <ClInclude Include="..\..\libsrc\include\my_winapi.h">
      <Filter>include</Filter>
    </ClInclude>
    <ClInclude Include="..\..\libsrc\include\gadgetlib\enum_monitors.h">
      <Filter>include</Filter>
    </ClInclude>
    <ClInclude Include="..\..\libsrc\include\gadgetlib\clipboard.h">
      <Filter>include</Filter>
    </ClInclude>
    <ClInclude Include="..\..\libsrc\include\gadgetlib\unstraddle_dlgbox.h">
      <Filter>include</Filter>
    </ClInclude>
    <ClInclude Include="..\..\libsrc\include\gadgetlib\FlexiInfobox.h">
      <Filter>include</Filter>
    </ClInclude>
    <ClInclude Include="..\..\libsrc\include\gadgetlib\FlexiInfobox_ids.h">
      <Filter>include</Filter>
    </ClInclude>
    <ClInclude Include="..\..\libsrc\include\gadgetlib\wintooltip.h">
      <Filter>include</Filter>
    </ClInclude>
    <ClInclude Include="..\..\libsrc\include\gadgetlib\ggt-mswin.h">
      <Filter>include</Filter>
    </ClInclude>
  </ItemGroup>
</Project>