
Microsoft Visual Studio Solution File, Format Version 12.00
# Visual Studio Version 16
VisualStudioVersion = 16.0.32002.261
MinimumVisualStudioVersion = 10.0.40219.1
Project("{8BC9CEB8-8B4A-11D0-8D11-00A0C91BC942}") = "mmVerify", "..\test\mmVerify\mmVerify.vcxproj", "{A33FD2BA-B4AE-4C44-A512-201802230001}"
	ProjectSection(ProjectDependencies) = postProject
		{A33FD2BA-B4AE-4C44-A512-201802230000} = {A33FD2BA-B4AE-4C44-A512-201802230000}
	EndProjectSection
EndProject
Project("{8BC9CEB8-8B4A-11D0-8D11-00A0C91BC942}") = "ct_winfile", "..\test\ct_winfile\ct_winfile.vcxproj", "{A33FD2BA-B4AE-4C44-A512-201802230002}"
	ProjectSection(ProjectDependencies) = postProject
		{A33FD2BA-B4AE-4C44-A512-201802230000} = {A33FD2BA-B4AE-4C44-A512-201802230000}
	EndProjectSection
EndProject
Project("{8BC9CEB8-8B4A-11D0-8D11-00A0C91BC942}") = "lib_mm_snprintf", "lib_mm_snprintf\lib_mm_snprintf.vcxproj", "{A33FD2BA-B4AE-4C44-A512-201802230000}"
EndProject
Project("{8BC9CEB8-8B4A-11D0-8D11-00A0C91BC942}") = "dll_mm_snprintf", "dll_mm_snprintf\dll_mm_snprintf.vcxproj", "{20220325-0000-0000-0000-00392900AA77}"
	ProjectSection(ProjectDependencies) = postProject
		{A33FD2BA-B4AE-4C44-A512-201802230000} = {A33FD2BA-B4AE-4C44-A512-201802230000}
	EndProjectSection
EndProject
Global
	GlobalSection(SolutionConfigurationPlatforms) = preSolution
		Debug Krnl|ARM64 = Debug Krnl|ARM64
		Debug Krnl|Win32 = Debug Krnl|Win32
		Debug Krnl|x64 = Debug Krnl|x64
		Debug|ARM64 = Debug|ARM64
		Debug|Win32 = Debug|Win32
		Debug|x64 = Debug|x64
		Release Krnl|ARM64 = Release Krnl|ARM64
		Release Krnl|Win32 = Release Krnl|Win32
		Release Krnl|x64 = Release Krnl|x64
		Release|ARM64 = Release|ARM64
		Release|Win32 = Release|Win32
		Release|x64 = Release|x64
	EndGlobalSection
	GlobalSection(ProjectConfigurationPlatforms) = postSolution
		{A33FD2BA-B4AE-4C44-A512-201802230001}.Debug Krnl|ARM64.ActiveCfg = Debug|ARM64
		{A33FD2BA-B4AE-4C44-A512-201802230001}.Debug Krnl|Win32.ActiveCfg = Debug|Win32
		{A33FD2BA-B4AE-4C44-A512-201802230001}.Debug Krnl|x64.ActiveCfg = Debug|x64
		{A33FD2BA-B4AE-4C44-A512-201802230001}.Debug|ARM64.ActiveCfg = Debug|ARM64
		{A33FD2BA-B4AE-4C44-A512-201802230001}.Debug|ARM64.Build.0 = Debug|ARM64
		{A33FD2BA-B4AE-4C44-A512-201802230001}.Debug|Win32.ActiveCfg = Debug|Win32
		{A33FD2BA-B4AE-4C44-A512-201802230001}.Debug|Win32.Build.0 = Debug|Win32
		{A33FD2BA-B4AE-4C44-A512-201802230001}.Debug|x64.ActiveCfg = Debug|x64
		{A33FD2BA-B4AE-4C44-A512-201802230001}.Debug|x64.Build.0 = Debug|x64
		{A33FD2BA-B4AE-4C44-A512-201802230001}.Release Krnl|ARM64.ActiveCfg = Release|ARM64
		{A33FD2BA-B4AE-4C44-A512-201802230001}.Release Krnl|Win32.ActiveCfg = Release|Win32
		{A33FD2BA-B4AE-4C44-A512-201802230001}.Release Krnl|x64.ActiveCfg = Release|x64
		{A33FD2BA-B4AE-4C44-A512-201802230001}.Release|ARM64.ActiveCfg = Release|ARM64
		{A33FD2BA-B4AE-4C44-A512-201802230001}.Release|ARM64.Build.0 = Release|ARM64
		{A33FD2BA-B4AE-4C44-A512-201802230001}.Release|Win32.ActiveCfg = Release|Win32
		{A33FD2BA-B4AE-4C44-A512-201802230001}.Release|Win32.Build.0 = Release|Win32
		{A33FD2BA-B4AE-4C44-A512-201802230001}.Release|x64.ActiveCfg = Release|x64
		{A33FD2BA-B4AE-4C44-A512-201802230001}.Release|x64.Build.0 = Release|x64
		{A33FD2BA-B4AE-4C44-A512-201802230002}.Debug Krnl|ARM64.ActiveCfg = Debug|ARM64
		{A33FD2BA-B4AE-4C44-A512-201802230002}.Debug Krnl|Win32.ActiveCfg = Debug|Win32
		{A33FD2BA-B4AE-4C44-A512-201802230002}.Debug Krnl|x64.ActiveCfg = Debug|x64
		{A33FD2BA-B4AE-4C44-A512-201802230002}.Debug|ARM64.ActiveCfg = Debug|ARM64
		{A33FD2BA-B4AE-4C44-A512-201802230002}.Debug|ARM64.Build.0 = Debug|ARM64
		{A33FD2BA-B4AE-4C44-A512-201802230002}.Debug|Win32.ActiveCfg = Debug|Win32
		{A33FD2BA-B4AE-4C44-A512-201802230002}.Debug|Win32.Build.0 = Debug|Win32
		{A33FD2BA-B4AE-4C44-A512-201802230002}.Debug|x64.ActiveCfg = Debug|x64
		{A33FD2BA-B4AE-4C44-A512-201802230002}.Debug|x64.Build.0 = Debug|x64
		{A33FD2BA-B4AE-4C44-A512-201802230002}.Release Krnl|ARM64.ActiveCfg = Release|ARM64
		{A33FD2BA-B4AE-4C44-A512-201802230002}.Release Krnl|Win32.ActiveCfg = Release|Win32
		{A33FD2BA-B4AE-4C44-A512-201802230002}.Release Krnl|x64.ActiveCfg = Release|x64
		{A33FD2BA-B4AE-4C44-A512-201802230002}.Release|ARM64.ActiveCfg = Release|ARM64
		{A33FD2BA-B4AE-4C44-A512-201802230002}.Release|ARM64.Build.0 = Release|ARM64
		{A33FD2BA-B4AE-4C44-A512-201802230002}.Release|Win32.ActiveCfg = Release|Win32
		{A33FD2BA-B4AE-4C44-A512-201802230002}.Release|Win32.Build.0 = Release|Win32
		{A33FD2BA-B4AE-4C44-A512-201802230002}.Release|x64.ActiveCfg = Release|x64
		{A33FD2BA-B4AE-4C44-A512-201802230002}.Release|x64.Build.0 = Release|x64
		{A33FD2BA-B4AE-4C44-A512-201802230000}.Debug Krnl|ARM64.ActiveCfg = Debug Krnl|ARM64
		{A33FD2BA-B4AE-4C44-A512-201802230000}.Debug Krnl|ARM64.Build.0 = Debug Krnl|ARM64
		{A33FD2BA-B4AE-4C44-A512-201802230000}.Debug Krnl|Win32.ActiveCfg = Debug Krnl|Win32
		{A33FD2BA-B4AE-4C44-A512-201802230000}.Debug Krnl|Win32.Build.0 = Debug Krnl|Win32
		{A33FD2BA-B4AE-4C44-A512-201802230000}.Debug Krnl|x64.ActiveCfg = Debug Krnl|x64
		{A33FD2BA-B4AE-4C44-A512-201802230000}.Debug Krnl|x64.Build.0 = Debug Krnl|x64
		{A33FD2BA-B4AE-4C44-A512-201802230000}.Debug|ARM64.ActiveCfg = Debug|ARM64
		{A33FD2BA-B4AE-4C44-A512-201802230000}.Debug|ARM64.Build.0 = Debug|ARM64
		{A33FD2BA-B4AE-4C44-A512-201802230000}.Debug|Win32.ActiveCfg = Debug|Win32
		{A33FD2BA-B4AE-4C44-A512-201802230000}.Debug|Win32.Build.0 = Debug|Win32
		{A33FD2BA-B4AE-4C44-A512-201802230000}.Debug|x64.ActiveCfg = Debug|x64
		{A33FD2BA-B4AE-4C44-A512-201802230000}.Debug|x64.Build.0 = Debug|x64
		{A33FD2BA-B4AE-4C44-A512-201802230000}.Release Krnl|ARM64.ActiveCfg = Release Krnl|ARM64
		{A33FD2BA-B4AE-4C44-A512-201802230000}.Release Krnl|ARM64.Build.0 = Release Krnl|ARM64
		{A33FD2BA-B4AE-4C44-A512-201802230000}.Release Krnl|Win32.ActiveCfg = Release Krnl|Win32
		{A33FD2BA-B4AE-4C44-A512-201802230000}.Release Krnl|Win32.Build.0 = Release Krnl|Win32
		{A33FD2BA-B4AE-4C44-A512-201802230000}.Release Krnl|x64.ActiveCfg = Release Krnl|x64
		{A33FD2BA-B4AE-4C44-A512-201802230000}.Release Krnl|x64.Build.0 = Release Krnl|x64
		{A33FD2BA-B4AE-4C44-A512-201802230000}.Release|ARM64.ActiveCfg = Release|ARM64
		{A33FD2BA-B4AE-4C44-A512-201802230000}.Release|ARM64.Build.0 = Release|ARM64
		{A33FD2BA-B4AE-4C44-A512-201802230000}.Release|Win32.ActiveCfg = Release|Win32
		{A33FD2BA-B4AE-4C44-A512-201802230000}.Release|Win32.Build.0 = Release|Win32
		{A33FD2BA-B4AE-4C44-A512-201802230000}.Release|x64.ActiveCfg = Release|x64
		{A33FD2BA-B4AE-4C44-A512-201802230000}.Release|x64.Build.0 = Release|x64
		{20220325-0000-0000-0000-00392900AA77}.Debug Krnl|ARM64.ActiveCfg = Debug|ARM64
		{20220325-0000-0000-0000-00392900AA77}.Debug Krnl|Win32.ActiveCfg = Debug|Win32
		{20220325-0000-0000-0000-00392900AA77}.Debug Krnl|x64.ActiveCfg = Debug|x64
		{20220325-0000-0000-0000-00392900AA77}.Debug|ARM64.ActiveCfg = Debug|Win32
		{20220325-0000-0000-0000-00392900AA77}.Debug|Win32.ActiveCfg = Debug|Win32
		{20220325-0000-0000-0000-00392900AA77}.Debug|Win32.Build.0 = Debug|Win32
		{20220325-0000-0000-0000-00392900AA77}.Debug|x64.ActiveCfg = Debug|x64
		{20220325-0000-0000-0000-00392900AA77}.Debug|x64.Build.0 = Debug|x64
		{20220325-0000-0000-0000-00392900AA77}.Release Krnl|ARM64.ActiveCfg = Release|ARM64
		{20220325-0000-0000-0000-00392900AA77}.Release Krnl|Win32.ActiveCfg = Release|Win32
		{20220325-0000-0000-0000-00392900AA77}.Release Krnl|x64.ActiveCfg = Release|x64
		{20220325-0000-0000-0000-00392900AA77}.Release|ARM64.ActiveCfg = Release|Win32
		{20220325-0000-0000-0000-00392900AA77}.Release|Win32.ActiveCfg = Release|Win32
		{20220325-0000-0000-0000-00392900AA77}.Release|Win32.Build.0 = Release|Win32
		{20220325-0000-0000-0000-00392900AA77}.Release|x64.ActiveCfg = Release|x64
		{20220325-0000-0000-0000-00392900AA77}.Release|x64.Build.0 = Release|x64
	EndGlobalSection
	GlobalSection(SolutionProperties) = preSolution
		HideSolutionNode = FALSE
	EndGlobalSection
	GlobalSection(ExtensibilityGlobals) = postSolution
		SolutionGuid = {02CB4E32-75B7-4D17-8963-790E7781D3C2}
	EndGlobalSection
EndGlobal
