
Microsoft Visual Studio Solution File, Format Version 12.00
# Visual Studio Version 16
VisualStudioVersion = 16.0.32002.261
MinimumVisualStudioVersion = 10.0.40219.1
Project("{8BC9CEB8-8B4A-11D0-8D11-00A0C91BC942}") = "gadgetlib", "lib_gadgetlib\lib_gadgetlib.vcxproj", "{20220325-0000-0000-0000-10302000BB01}"
EndProject
Project("{8BC9CEB8-8B4A-11D0-8D11-00A0C91BC942}") = "verify-gadgetlib", "verify-gadgetlib\verify-gadgetlib.vcxproj", "{AD113882-C04D-4371-9E0A-CC4A6A5056DE}"
EndProject
Project("{8BC9CEB8-8B4A-11D0-8D11-00A0C91BC942}") = "FlexiInfobox", "test-FlexiInfobox\FlexiInfobox.vcxproj", "{8CF6D236-8039-4ED5-83BB-E45A8F64905C}"
EndProject
Project("{8BC9CEB8-8B4A-11D0-8D11-00A0C91BC942}") = "MenuWithIcon", "test-MenuWithIcon\MenuWithIcon.vcxproj", "{D110802C-19B5-4E86-BB35-964129C3B6EE}"
EndProject
Global
	GlobalSection(SolutionConfigurationPlatforms) = preSolution
		Debug ANSI|ARM64 = Debug ANSI|ARM64
		Debug ANSI|x64 = Debug ANSI|x64
		Debug ANSI|x86 = Debug ANSI|x86
		Debug|ARM64 = Debug|ARM64
		Debug|x64 = Debug|x64
		Debug|x86 = Debug|x86
		Release ANSI|ARM64 = Release ANSI|ARM64
		Release ANSI|x64 = Release ANSI|x64
		Release ANSI|x86 = Release ANSI|x86
		Release|ARM64 = Release|ARM64
		Release|x64 = Release|x64
		Release|x86 = Release|x86
	EndGlobalSection
	GlobalSection(ProjectConfigurationPlatforms) = postSolution
		{20220325-0000-0000-0000-10302000BB01}.Debug ANSI|ARM64.ActiveCfg = Debug ANSI|ARM64
		{20220325-0000-0000-0000-10302000BB01}.Debug ANSI|ARM64.Build.0 = Debug ANSI|ARM64
		{20220325-0000-0000-0000-10302000BB01}.Debug ANSI|x64.ActiveCfg = Debug ANSI|x64
		{20220325-0000-0000-0000-10302000BB01}.Debug ANSI|x64.Build.0 = Debug ANSI|x64
		{20220325-0000-0000-0000-10302000BB01}.Debug ANSI|x86.ActiveCfg = Debug ANSI|Win32
		{20220325-0000-0000-0000-10302000BB01}.Debug ANSI|x86.Build.0 = Debug ANSI|Win32
		{20220325-0000-0000-0000-10302000BB01}.Debug|ARM64.ActiveCfg = Debug|ARM64
		{20220325-0000-0000-0000-10302000BB01}.Debug|ARM64.Build.0 = Debug|ARM64
		{20220325-0000-0000-0000-10302000BB01}.Debug|x64.ActiveCfg = Debug|x64
		{20220325-0000-0000-0000-10302000BB01}.Debug|x64.Build.0 = Debug|x64
		{20220325-0000-0000-0000-10302000BB01}.Debug|x86.ActiveCfg = Debug|Win32
		{20220325-0000-0000-0000-10302000BB01}.Debug|x86.Build.0 = Debug|Win32
		{20220325-0000-0000-0000-10302000BB01}.Release ANSI|ARM64.ActiveCfg = Release ANSI|ARM64
		{20220325-0000-0000-0000-10302000BB01}.Release ANSI|ARM64.Build.0 = Release ANSI|ARM64
		{20220325-0000-0000-0000-10302000BB01}.Release ANSI|x64.ActiveCfg = Release ANSI|x64
		{20220325-0000-0000-0000-10302000BB01}.Release ANSI|x64.Build.0 = Release ANSI|x64
		{20220325-0000-0000-0000-10302000BB01}.Release ANSI|x86.ActiveCfg = Release ANSI|Win32
		{20220325-0000-0000-0000-10302000BB01}.Release ANSI|x86.Build.0 = Release ANSI|Win32
		{20220325-0000-0000-0000-10302000BB01}.Release|ARM64.ActiveCfg = Release|ARM64
		{20220325-0000-0000-0000-10302000BB01}.Release|ARM64.Build.0 = Release|ARM64
		{20220325-0000-0000-0000-10302000BB01}.Release|x64.ActiveCfg = Release|x64
		{20220325-0000-0000-0000-10302000BB01}.Release|x64.Build.0 = Release|x64
		{20220325-0000-0000-0000-10302000BB01}.Release|x86.ActiveCfg = Release|Win32
		{20220325-0000-0000-0000-10302000BB01}.Release|x86.Build.0 = Release|Win32
		{AD113882-C04D-4371-9E0A-CC4A6A5056DE}.Debug ANSI|ARM64.ActiveCfg = Debug ANSI|ARM64
		{AD113882-C04D-4371-9E0A-CC4A6A5056DE}.Debug ANSI|ARM64.Build.0 = Debug ANSI|ARM64
		{AD113882-C04D-4371-9E0A-CC4A6A5056DE}.Debug ANSI|x64.ActiveCfg = Debug ANSI|x64
		{AD113882-C04D-4371-9E0A-CC4A6A5056DE}.Debug ANSI|x64.Build.0 = Debug ANSI|x64
		{AD113882-C04D-4371-9E0A-CC4A6A5056DE}.Debug ANSI|x86.ActiveCfg = Debug ANSI|Win32
		{AD113882-C04D-4371-9E0A-CC4A6A5056DE}.Debug ANSI|x86.Build.0 = Debug ANSI|Win32
		{AD113882-C04D-4371-9E0A-CC4A6A5056DE}.Debug|ARM64.ActiveCfg = Debug|ARM64
		{AD113882-C04D-4371-9E0A-CC4A6A5056DE}.Debug|ARM64.Build.0 = Debug|ARM64
		{AD113882-C04D-4371-9E0A-CC4A6A5056DE}.Debug|x64.ActiveCfg = Debug|x64
		{AD113882-C04D-4371-9E0A-CC4A6A5056DE}.Debug|x64.Build.0 = Debug|x64
		{AD113882-C04D-4371-9E0A-CC4A6A5056DE}.Debug|x86.ActiveCfg = Debug|Win32
		{AD113882-C04D-4371-9E0A-CC4A6A5056DE}.Debug|x86.Build.0 = Debug|Win32
		{AD113882-C04D-4371-9E0A-CC4A6A5056DE}.Release ANSI|ARM64.ActiveCfg = Release ANSI|ARM64
		{AD113882-C04D-4371-9E0A-CC4A6A5056DE}.Release ANSI|ARM64.Build.0 = Release ANSI|ARM64
		{AD113882-C04D-4371-9E0A-CC4A6A5056DE}.Release ANSI|x64.ActiveCfg = Release ANSI|x64
		{AD113882-C04D-4371-9E0A-CC4A6A5056DE}.Release ANSI|x64.Build.0 = Release ANSI|x64
		{AD113882-C04D-4371-9E0A-CC4A6A5056DE}.Release ANSI|x86.ActiveCfg = Release ANSI|Win32
		{AD113882-C04D-4371-9E0A-CC4A6A5056DE}.Release ANSI|x86.Build.0 = Release ANSI|Win32
		{AD113882-C04D-4371-9E0A-CC4A6A5056DE}.Release|ARM64.ActiveCfg = Release|ARM64
		{AD113882-C04D-4371-9E0A-CC4A6A5056DE}.Release|ARM64.Build.0 = Release|ARM64
		{AD113882-C04D-4371-9E0A-CC4A6A5056DE}.Release|x64.ActiveCfg = Release|x64
		{AD113882-C04D-4371-9E0A-CC4A6A5056DE}.Release|x64.Build.0 = Release|x64
		{AD113882-C04D-4371-9E0A-CC4A6A5056DE}.Release|x86.ActiveCfg = Release|Win32
		{AD113882-C04D-4371-9E0A-CC4A6A5056DE}.Release|x86.Build.0 = Release|Win32
		{8CF6D236-8039-4ED5-83BB-E45A8F64905C}.Debug ANSI|ARM64.ActiveCfg = Debug ANSI|ARM64
		{8CF6D236-8039-4ED5-83BB-E45A8F64905C}.Debug ANSI|ARM64.Build.0 = Debug ANSI|ARM64
		{8CF6D236-8039-4ED5-83BB-E45A8F64905C}.Debug ANSI|x64.ActiveCfg = Debug ANSI|x64
		{8CF6D236-8039-4ED5-83BB-E45A8F64905C}.Debug ANSI|x64.Build.0 = Debug ANSI|x64
		{8CF6D236-8039-4ED5-83BB-E45A8F64905C}.Debug ANSI|x86.ActiveCfg = Debug ANSI|Win32
		{8CF6D236-8039-4ED5-83BB-E45A8F64905C}.Debug ANSI|x86.Build.0 = Debug ANSI|Win32
		{8CF6D236-8039-4ED5-83BB-E45A8F64905C}.Debug|ARM64.ActiveCfg = Debug|ARM64
		{8CF6D236-8039-4ED5-83BB-E45A8F64905C}.Debug|ARM64.Build.0 = Debug|ARM64
		{8CF6D236-8039-4ED5-83BB-E45A8F64905C}.Debug|x64.ActiveCfg = Debug|x64
		{8CF6D236-8039-4ED5-83BB-E45A8F64905C}.Debug|x64.Build.0 = Debug|x64
		{8CF6D236-8039-4ED5-83BB-E45A8F64905C}.Debug|x86.ActiveCfg = Debug|Win32
		{8CF6D236-8039-4ED5-83BB-E45A8F64905C}.Debug|x86.Build.0 = Debug|Win32
		{8CF6D236-8039-4ED5-83BB-E45A8F64905C}.Release ANSI|ARM64.ActiveCfg = Release ANSI|ARM64
		{8CF6D236-8039-4ED5-83BB-E45A8F64905C}.Release ANSI|ARM64.Build.0 = Release ANSI|ARM64
		{8CF6D236-8039-4ED5-83BB-E45A8F64905C}.Release ANSI|x64.ActiveCfg = Release ANSI|x64
		{8CF6D236-8039-4ED5-83BB-E45A8F64905C}.Release ANSI|x64.Build.0 = Release ANSI|x64
		{8CF6D236-8039-4ED5-83BB-E45A8F64905C}.Release ANSI|x86.ActiveCfg = Release ANSI|Win32
		{8CF6D236-8039-4ED5-83BB-E45A8F64905C}.Release ANSI|x86.Build.0 = Release ANSI|Win32
		{8CF6D236-8039-4ED5-83BB-E45A8F64905C}.Release|ARM64.ActiveCfg = Release|ARM64
		{8CF6D236-8039-4ED5-83BB-E45A8F64905C}.Release|ARM64.Build.0 = Release|ARM64
		{8CF6D236-8039-4ED5-83BB-E45A8F64905C}.Release|x64.ActiveCfg = Release|x64
		{8CF6D236-8039-4ED5-83BB-E45A8F64905C}.Release|x64.Build.0 = Release|x64
		{8CF6D236-8039-4ED5-83BB-E45A8F64905C}.Release|x86.ActiveCfg = Release|Win32
		{8CF6D236-8039-4ED5-83BB-E45A8F64905C}.Release|x86.Build.0 = Release|Win32
		{D110802C-19B5-4E86-BB35-964129C3B6EE}.Debug ANSI|ARM64.ActiveCfg = Debug ANSI|ARM64
		{D110802C-19B5-4E86-BB35-964129C3B6EE}.Debug ANSI|ARM64.Build.0 = Debug ANSI|ARM64
		{D110802C-19B5-4E86-BB35-964129C3B6EE}.Debug ANSI|x64.ActiveCfg = Debug ANSI|x64
		{D110802C-19B5-4E86-BB35-964129C3B6EE}.Debug ANSI|x64.Build.0 = Debug ANSI|x64
		{D110802C-19B5-4E86-BB35-964129C3B6EE}.Debug ANSI|x86.ActiveCfg = Debug ANSI|Win32
		{D110802C-19B5-4E86-BB35-964129C3B6EE}.Debug ANSI|x86.Build.0 = Debug ANSI|Win32
		{D110802C-19B5-4E86-BB35-964129C3B6EE}.Debug|ARM64.ActiveCfg = Debug|ARM64
		{D110802C-19B5-4E86-BB35-964129C3B6EE}.Debug|ARM64.Build.0 = Debug|ARM64
		{D110802C-19B5-4E86-BB35-964129C3B6EE}.Debug|x64.ActiveCfg = Debug|x64
		{D110802C-19B5-4E86-BB35-964129C3B6EE}.Debug|x64.Build.0 = Debug|x64
		{D110802C-19B5-4E86-BB35-964129C3B6EE}.Debug|x86.ActiveCfg = Debug|Win32
		{D110802C-19B5-4E86-BB35-964129C3B6EE}.Debug|x86.Build.0 = Debug|Win32
		{D110802C-19B5-4E86-BB35-964129C3B6EE}.Release ANSI|ARM64.ActiveCfg = Release ANSI|ARM64
		{D110802C-19B5-4E86-BB35-964129C3B6EE}.Release ANSI|ARM64.Build.0 = Release ANSI|ARM64
		{D110802C-19B5-4E86-BB35-964129C3B6EE}.Release ANSI|x64.ActiveCfg = Release ANSI|x64
		{D110802C-19B5-4E86-BB35-964129C3B6EE}.Release ANSI|x64.Build.0 = Release ANSI|x64
		{D110802C-19B5-4E86-BB35-964129C3B6EE}.Release ANSI|x86.ActiveCfg = Release ANSI|Win32
		{D110802C-19B5-4E86-BB35-964129C3B6EE}.Release ANSI|x86.Build.0 = Release ANSI|Win32
		{D110802C-19B5-4E86-BB35-964129C3B6EE}.Release|ARM64.ActiveCfg = Release|ARM64
		{D110802C-19B5-4E86-BB35-964129C3B6EE}.Release|ARM64.Build.0 = Release|ARM64
		{D110802C-19B5-4E86-BB35-964129C3B6EE}.Release|x64.ActiveCfg = Release|x64
		{D110802C-19B5-4E86-BB35-964129C3B6EE}.Release|x64.Build.0 = Release|x64
		{D110802C-19B5-4E86-BB35-964129C3B6EE}.Release|x86.ActiveCfg = Release|Win32
		{D110802C-19B5-4E86-BB35-964129C3B6EE}.Release|x86.Build.0 = Release|Win32
	EndGlobalSection
	GlobalSection(SolutionProperties) = preSolution
		HideSolutionNode = FALSE
	EndGlobalSection
	GlobalSection(ExtensibilityGlobals) = postSolution
		SolutionGuid = {7D22BE81-2FA7-4231-B3BF-C5330A0824F5}
	EndGlobalSection
EndGlobal
