
Microsoft Visual Studio Solution File, Format Version 12.00
# Visual Studio Version 16
VisualStudioVersion = 16.0.32002.261
MinimumVisualStudioVersion = 10.0.40219.1
Project("{8BC9CEB8-8B4A-11D0-8D11-00A0C91BC942}") = "gadgetlib", "libprj\libprj.vcxproj", "{C61AC906-75C9-4AE8-AB40-219ED1A25529}"
EndProject
Project("{8BC9CEB8-8B4A-11D0-8D11-00A0C91BC942}") = "gadgetlib", "verify-gadgetlib\verify-gadgetlib.vcxproj", "{AD113882-C04D-4371-9E0A-CC4A6A5056DE}"
EndProject
Global
	GlobalSection(SolutionConfigurationPlatforms) = preSolution
		Debug ANSI|ARM64 = Debug ANSI|ARM64
		Debug ANSI|x64 = Debug ANSI|x64
		Debug ANSI|x86 = Debug ANSI|x86
		Debug|ARM64 = Debug|ARM64
		Debug|x64 = Debug|x64
		Debug|x86 = Debug|x86
		Release ANSI|ARM64 = Release ANSI|ARM64
		Release ANSI|x64 = Release ANSI|x64
		Release ANSI|x86 = Release ANSI|x86
		Release|ARM64 = Release|ARM64
		Release|x64 = Release|x64
		Release|x86 = Release|x86
	EndGlobalSection
	GlobalSection(ProjectConfigurationPlatforms) = postSolution
		{C61AC906-75C9-4AE8-AB40-219ED1A25529}.Debug ANSI|ARM64.ActiveCfg = Debug ANSI|ARM64
		{C61AC906-75C9-4AE8-AB40-219ED1A25529}.Debug ANSI|ARM64.Build.0 = Debug ANSI|ARM64
		{C61AC906-75C9-4AE8-AB40-219ED1A25529}.Debug ANSI|x64.ActiveCfg = Debug ANSI|x64
		{C61AC906-75C9-4AE8-AB40-219ED1A25529}.Debug ANSI|x64.Build.0 = Debug ANSI|x64
		{C61AC906-75C9-4AE8-AB40-219ED1A25529}.Debug ANSI|x86.ActiveCfg = Debug ANSI|Win32
		{C61AC906-75C9-4AE8-AB40-219ED1A25529}.Debug ANSI|x86.Build.0 = Debug ANSI|Win32
		{C61AC906-75C9-4AE8-AB40-219ED1A25529}.Debug|ARM64.ActiveCfg = Debug|ARM64
		{C61AC906-75C9-4AE8-AB40-219ED1A25529}.Debug|ARM64.Build.0 = Debug|ARM64
		{C61AC906-75C9-4AE8-AB40-219ED1A25529}.Debug|x64.ActiveCfg = Debug|x64
		{C61AC906-75C9-4AE8-AB40-219ED1A25529}.Debug|x64.Build.0 = Debug|x64
		{C61AC906-75C9-4AE8-AB40-219ED1A25529}.Debug|x86.ActiveCfg = Debug|Win32
		{C61AC906-75C9-4AE8-AB40-219ED1A25529}.Debug|x86.Build.0 = Debug|Win32
		{C61AC906-75C9-4AE8-AB40-219ED1A25529}.Release ANSI|ARM64.ActiveCfg = Release ANSI|ARM64
		{C61AC906-75C9-4AE8-AB40-219ED1A25529}.Release ANSI|ARM64.Build.0 = Release ANSI|ARM64
		{C61AC906-75C9-4AE8-AB40-219ED1A25529}.Release ANSI|x64.ActiveCfg = Release ANSI|x64
		{C61AC906-75C9-4AE8-AB40-219ED1A25529}.Release ANSI|x64.Build.0 = Release ANSI|x64
		{C61AC906-75C9-4AE8-AB40-219ED1A25529}.Release ANSI|x86.ActiveCfg = Release ANSI|Win32
		{C61AC906-75C9-4AE8-AB40-219ED1A25529}.Release ANSI|x86.Build.0 = Release ANSI|Win32
		{C61AC906-75C9-4AE8-AB40-219ED1A25529}.Release|ARM64.ActiveCfg = Release|ARM64
		{C61AC906-75C9-4AE8-AB40-219ED1A25529}.Release|ARM64.Build.0 = Release|ARM64
		{C61AC906-75C9-4AE8-AB40-219ED1A25529}.Release|x64.ActiveCfg = Release|x64
		{C61AC906-75C9-4AE8-AB40-219ED1A25529}.Release|x64.Build.0 = Release|x64
		{C61AC906-75C9-4AE8-AB40-219ED1A25529}.Release|x86.ActiveCfg = Release|Win32
		{C61AC906-75C9-4AE8-AB40-219ED1A25529}.Release|x86.Build.0 = Release|Win32
		{AD113882-C04D-4371-9E0A-CC4A6A5056DE}.Debug ANSI|ARM64.ActiveCfg = Debug ANSI|ARM64
		{AD113882-C04D-4371-9E0A-CC4A6A5056DE}.Debug ANSI|ARM64.Build.0 = Debug ANSI|ARM64
		{AD113882-C04D-4371-9E0A-CC4A6A5056DE}.Debug ANSI|x64.ActiveCfg = Debug ANSI|x64
		{AD113882-C04D-4371-9E0A-CC4A6A5056DE}.Debug ANSI|x64.Build.0 = Debug ANSI|x64
		{AD113882-C04D-4371-9E0A-CC4A6A5056DE}.Debug ANSI|x86.ActiveCfg = Debug ANSI|Win32
		{AD113882-C04D-4371-9E0A-CC4A6A5056DE}.Debug ANSI|x86.Build.0 = Debug ANSI|Win32
		{AD113882-C04D-4371-9E0A-CC4A6A5056DE}.Debug|ARM64.ActiveCfg = Debug|ARM64
		{AD113882-C04D-4371-9E0A-CC4A6A5056DE}.Debug|ARM64.Build.0 = Debug|ARM64
		{AD113882-C04D-4371-9E0A-CC4A6A5056DE}.Debug|x64.ActiveCfg = Debug|x64
		{AD113882-C04D-4371-9E0A-CC4A6A5056DE}.Debug|x64.Build.0 = Debug|x64
		{AD113882-C04D-4371-9E0A-CC4A6A5056DE}.Debug|x86.ActiveCfg = Debug|Win32
		{AD113882-C04D-4371-9E0A-CC4A6A5056DE}.Debug|x86.Build.0 = Debug|Win32
		{AD113882-C04D-4371-9E0A-CC4A6A5056DE}.Release ANSI|ARM64.ActiveCfg = Release ANSI|ARM64
		{AD113882-C04D-4371-9E0A-CC4A6A5056DE}.Release ANSI|ARM64.Build.0 = Release ANSI|ARM64
		{AD113882-C04D-4371-9E0A-CC4A6A5056DE}.Release ANSI|x64.ActiveCfg = Release ANSI|x64
		{AD113882-C04D-4371-9E0A-CC4A6A5056DE}.Release ANSI|x64.Build.0 = Release ANSI|x64
		{AD113882-C04D-4371-9E0A-CC4A6A5056DE}.Release ANSI|x86.ActiveCfg = Release ANSI|Win32
		{AD113882-C04D-4371-9E0A-CC4A6A5056DE}.Release ANSI|x86.Build.0 = Release ANSI|Win32
		{AD113882-C04D-4371-9E0A-CC4A6A5056DE}.Release|ARM64.ActiveCfg = Release|ARM64
		{AD113882-C04D-4371-9E0A-CC4A6A5056DE}.Release|ARM64.Build.0 = Release|ARM64
		{AD113882-C04D-4371-9E0A-CC4A6A5056DE}.Release|x64.ActiveCfg = Release|x64
		{AD113882-C04D-4371-9E0A-CC4A6A5056DE}.Release|x64.Build.0 = Release|x64
		{AD113882-C04D-4371-9E0A-CC4A6A5056DE}.Release|x86.ActiveCfg = Release|Win32
		{AD113882-C04D-4371-9E0A-CC4A6A5056DE}.Release|x86.Build.0 = Release|Win32
	EndGlobalSection
	GlobalSection(SolutionProperties) = preSolution
		HideSolutionNode = FALSE
	EndGlobalSection
	GlobalSection(ExtensibilityGlobals) = postSolution
		SolutionGuid = {7D22BE81-2FA7-4231-B3BF-C5330A0824F5}
	EndGlobalSection
EndGlobal
