
Microsoft Visual Studio Solution File, Format Version 12.00
# Visual Studio Version 16
VisualStudioVersion = 16.0.32002.261
MinimumVisualStudioVersion = 10.0.40219.1
Project("{8BC9CEB8-8B4A-11D0-8D11-00A0C91BC942}") = "gadgetlib", "libprj\libprj.vcxproj", "{C61AC906-75C9-4AE8-AB40-219ED1A25529}"
EndProject
Project("{8BC9CEB8-8B4A-11D0-8D11-00A0C91BC942}") = "gadgetlib-dll", "dllprj\dllprj.vcxproj", "{E41E83AF-C1E9-4589-A53F-A554B4948570}"
EndProject
Project("{8BC9CEB8-8B4A-11D0-8D11-00A0C91BC942}") = "verify-gadgetlib", "verify-gadgetlib\verify-gadgetlib.vcxproj", "{A43F0756-FC9E-4DB8-8DE6-20170815CF7E}"
EndProject
Project("{8BC9CEB8-8B4A-11D0-8D11-00A0C91BC942}") = "test-MenuWithIcon", "test-MenuWithIcon\MenuWithIcon.vcxproj", "{D110802C-19B5-4E86-BB35-964129C3B6EE}"
EndProject
Project("{8BC9CEB8-8B4A-11D0-8D11-00A0C91BC942}") = "test-FlexiInfobox", "test-FlexiInfobox\FlexiInfobox.vcxproj", "{8CF6D236-8039-4ED5-83BB-E45A8F64905C}"
EndProject
Global
	GlobalSection(SolutionConfigurationPlatforms) = preSolution
		ANSI|ARM64 = ANSI|ARM64
		ANSI|Win32 = ANSI|Win32
		ANSI|x64 = ANSI|x64
		Unicode|ARM64 = Unicode|ARM64
		Unicode|Win32 = Unicode|Win32
		Unicode|x64 = Unicode|x64
	EndGlobalSection
	GlobalSection(ProjectConfigurationPlatforms) = postSolution
		{C61AC906-75C9-4AE8-AB40-219ED1A25529}.ANSI|ARM64.ActiveCfg = ANSI|ARM64
		{C61AC906-75C9-4AE8-AB40-219ED1A25529}.ANSI|ARM64.Build.0 = ANSI|ARM64
		{C61AC906-75C9-4AE8-AB40-219ED1A25529}.ANSI|Win32.ActiveCfg = ANSI|Win32
		{C61AC906-75C9-4AE8-AB40-219ED1A25529}.ANSI|Win32.Build.0 = ANSI|Win32
		{C61AC906-75C9-4AE8-AB40-219ED1A25529}.ANSI|x64.ActiveCfg = ANSI|x64
		{C61AC906-75C9-4AE8-AB40-219ED1A25529}.ANSI|x64.Build.0 = ANSI|x64
		{C61AC906-75C9-4AE8-AB40-219ED1A25529}.Unicode|ARM64.ActiveCfg = Unicode|ARM64
		{C61AC906-75C9-4AE8-AB40-219ED1A25529}.Unicode|ARM64.Build.0 = Unicode|ARM64
		{C61AC906-75C9-4AE8-AB40-219ED1A25529}.Unicode|Win32.ActiveCfg = Unicode|Win32
		{C61AC906-75C9-4AE8-AB40-219ED1A25529}.Unicode|Win32.Build.0 = Unicode|Win32
		{C61AC906-75C9-4AE8-AB40-219ED1A25529}.Unicode|x64.ActiveCfg = Unicode|x64
		{C61AC906-75C9-4AE8-AB40-219ED1A25529}.Unicode|x64.Build.0 = Unicode|x64
		{E41E83AF-C1E9-4589-A53F-A554B4948570}.ANSI|ARM64.ActiveCfg = ANSI|ARM64
		{E41E83AF-C1E9-4589-A53F-A554B4948570}.ANSI|ARM64.Build.0 = ANSI|ARM64
		{E41E83AF-C1E9-4589-A53F-A554B4948570}.ANSI|Win32.ActiveCfg = ANSI|Win32
		{E41E83AF-C1E9-4589-A53F-A554B4948570}.ANSI|Win32.Build.0 = ANSI|Win32
		{E41E83AF-C1E9-4589-A53F-A554B4948570}.ANSI|x64.ActiveCfg = ANSI|x64
		{E41E83AF-C1E9-4589-A53F-A554B4948570}.ANSI|x64.Build.0 = ANSI|x64
		{E41E83AF-C1E9-4589-A53F-A554B4948570}.Unicode|ARM64.ActiveCfg = Unicode|ARM64
		{E41E83AF-C1E9-4589-A53F-A554B4948570}.Unicode|ARM64.Build.0 = Unicode|ARM64
		{E41E83AF-C1E9-4589-A53F-A554B4948570}.Unicode|Win32.ActiveCfg = Unicode|Win32
		{E41E83AF-C1E9-4589-A53F-A554B4948570}.Unicode|Win32.Build.0 = Unicode|Win32
		{E41E83AF-C1E9-4589-A53F-A554B4948570}.Unicode|x64.ActiveCfg = Unicode|x64
		{E41E83AF-C1E9-4589-A53F-A554B4948570}.Unicode|x64.Build.0 = Unicode|x64
		{A43F0756-FC9E-4DB8-8DE6-20170815CF7E}.ANSI|ARM64.ActiveCfg = ANSI|ARM64
		{A43F0756-FC9E-4DB8-8DE6-20170815CF7E}.ANSI|ARM64.Build.0 = ANSI|ARM64
		{A43F0756-FC9E-4DB8-8DE6-20170815CF7E}.ANSI|Win32.ActiveCfg = ANSI|Win32
		{A43F0756-FC9E-4DB8-8DE6-20170815CF7E}.ANSI|Win32.Build.0 = ANSI|Win32
		{A43F0756-FC9E-4DB8-8DE6-20170815CF7E}.ANSI|x64.ActiveCfg = ANSI|x64
		{A43F0756-FC9E-4DB8-8DE6-20170815CF7E}.ANSI|x64.Build.0 = ANSI|x64
		{A43F0756-FC9E-4DB8-8DE6-20170815CF7E}.Unicode|ARM64.ActiveCfg = Unicode|ARM64
		{A43F0756-FC9E-4DB8-8DE6-20170815CF7E}.Unicode|ARM64.Build.0 = Unicode|ARM64
		{A43F0756-FC9E-4DB8-8DE6-20170815CF7E}.Unicode|Win32.ActiveCfg = Unicode|Win32
		{A43F0756-FC9E-4DB8-8DE6-20170815CF7E}.Unicode|Win32.Build.0 = Unicode|Win32
		{A43F0756-FC9E-4DB8-8DE6-20170815CF7E}.Unicode|x64.ActiveCfg = Unicode|x64
		{A43F0756-FC9E-4DB8-8DE6-20170815CF7E}.Unicode|x64.Build.0 = Unicode|x64
		{D110802C-19B5-4E86-BB35-964129C3B6EE}.ANSI|ARM64.ActiveCfg = ANSI|ARM64
		{D110802C-19B5-4E86-BB35-964129C3B6EE}.ANSI|ARM64.Build.0 = ANSI|ARM64
		{D110802C-19B5-4E86-BB35-964129C3B6EE}.ANSI|Win32.ActiveCfg = ANSI|Win32
		{D110802C-19B5-4E86-BB35-964129C3B6EE}.ANSI|Win32.Build.0 = ANSI|Win32
		{D110802C-19B5-4E86-BB35-964129C3B6EE}.ANSI|x64.ActiveCfg = ANSI|x64
		{D110802C-19B5-4E86-BB35-964129C3B6EE}.ANSI|x64.Build.0 = ANSI|x64
		{D110802C-19B5-4E86-BB35-964129C3B6EE}.Unicode|ARM64.ActiveCfg = Unicode|ARM64
		{D110802C-19B5-4E86-BB35-964129C3B6EE}.Unicode|ARM64.Build.0 = Unicode|ARM64
		{D110802C-19B5-4E86-BB35-964129C3B6EE}.Unicode|Win32.ActiveCfg = Unicode|Win32
		{D110802C-19B5-4E86-BB35-964129C3B6EE}.Unicode|Win32.Build.0 = Unicode|Win32
		{D110802C-19B5-4E86-BB35-964129C3B6EE}.Unicode|x64.ActiveCfg = Unicode|x64
		{D110802C-19B5-4E86-BB35-964129C3B6EE}.Unicode|x64.Build.0 = Unicode|x64
		{8CF6D236-8039-4ED5-83BB-E45A8F64905C}.ANSI|ARM64.ActiveCfg = ANSI|ARM64
		{8CF6D236-8039-4ED5-83BB-E45A8F64905C}.ANSI|ARM64.Build.0 = ANSI|ARM64
		{8CF6D236-8039-4ED5-83BB-E45A8F64905C}.ANSI|Win32.ActiveCfg = ANSI|Win32
		{8CF6D236-8039-4ED5-83BB-E45A8F64905C}.ANSI|Win32.Build.0 = ANSI|Win32
		{8CF6D236-8039-4ED5-83BB-E45A8F64905C}.ANSI|x64.ActiveCfg = ANSI|x64
		{8CF6D236-8039-4ED5-83BB-E45A8F64905C}.ANSI|x64.Build.0 = ANSI|x64
		{8CF6D236-8039-4ED5-83BB-E45A8F64905C}.Unicode|ARM64.ActiveCfg = Unicode|ARM64
		{8CF6D236-8039-4ED5-83BB-E45A8F64905C}.Unicode|ARM64.Build.0 = Unicode|ARM64
		{8CF6D236-8039-4ED5-83BB-E45A8F64905C}.Unicode|Win32.ActiveCfg = Unicode|Win32
		{8CF6D236-8039-4ED5-83BB-E45A8F64905C}.Unicode|Win32.Build.0 = Unicode|Win32
		{8CF6D236-8039-4ED5-83BB-E45A8F64905C}.Unicode|x64.ActiveCfg = Unicode|x64
		{8CF6D236-8039-4ED5-83BB-E45A8F64905C}.Unicode|x64.Build.0 = Unicode|x64
	EndGlobalSection
	GlobalSection(SolutionProperties) = preSolution
		HideSolutionNode = FALSE
	EndGlobalSection
	GlobalSection(ExtensibilityGlobals) = postSolution
		SolutionGuid = {E5B792D5-DAD4-457A-950E-B8944893F6CE}
	EndGlobalSection
EndGlobal
