
Microsoft Visual Studio Solution File, Format Version 11.00
# Visual Studio 2010
Project("{8BC9CEB8-8B4A-11D0-8D11-00A0C91BC942}") = "getopt", "libprj\libprj.vcxproj", "{C61AC906-75C9-4AE8-AB40-000020171204}"
EndProject
Global
	GlobalSection(SolutionConfigurationPlatforms) = preSolution
		ANSI|Win32 = ANSI|Win32
		ANSI|x64 = ANSI|x64
		Unicode|Win32 = Unicode|Win32
		Unicode|x64 = Unicode|x64
	EndGlobalSection
	GlobalSection(ProjectConfigurationPlatforms) = postSolution
		{C61AC906-75C9-4AE8-AB40-000020171204}.ANSI|Win32.ActiveCfg = ANSI|Win32
		{C61AC906-75C9-4AE8-AB40-000020171204}.ANSI|Win32.Build.0 = ANSI|Win32
		{C61AC906-75C9-4AE8-AB40-000020171204}.ANSI|x64.ActiveCfg = ANSI|x64
		{C61AC906-75C9-4AE8-AB40-000020171204}.ANSI|x64.Build.0 = ANSI|x64
		{C61AC906-75C9-4AE8-AB40-000020171204}.Unicode|Win32.ActiveCfg = Unicode|Win32
		{C61AC906-75C9-4AE8-AB40-000020171204}.Unicode|Win32.Build.0 = Unicode|Win32
		{C61AC906-75C9-4AE8-AB40-000020171204}.Unicode|x64.ActiveCfg = Unicode|x64
		{C61AC906-75C9-4AE8-AB40-000020171204}.Unicode|x64.Build.0 = Unicode|x64
	EndGlobalSection
	GlobalSection(SolutionProperties) = preSolution
		HideSolutionNode = FALSE
	EndGlobalSection
EndGlobal
